
Microsoft Visual Studio Solution File, Format Version 12.00
# Visual Studio 15
VisualStudioVersion = 15.0.28307.168
MinimumVisualStudioVersion = 10.0.40219.1
Project("{888888A0-9F3D-457C-B088-3A5042F75D52}") = "Flask-basics", "Flask-basics\Flask-basics.pyproj", "{4FE79B15-D6A3-4C93-AD7F-F3ED4E8F369C}"
EndProject
Global
	GlobalSection(SolutionConfigurationPlatforms) = preSolution
		Debug|Any CPU = Debug|Any CPU
		Release|Any CPU = Release|Any CPU
	EndGlobalSection
	GlobalSection(ProjectConfigurationPlatforms) = postSolution
		{4FE79B15-D6A3-4C93-AD7F-F3ED4E8F369C}.Debug|Any CPU.ActiveCfg = Debug|Any CPU
		{4FE79B15-D6A3-4C93-AD7F-F3ED4E8F369C}.Debug|Any CPU.Build.0 = Debug|Any CPU
		{4FE79B15-D6A3-4C93-AD7F-F3ED4E8F369C}.Release|Any CPU.ActiveCfg = Release|Any CPU
		{4FE79B15-D6A3-4C93-AD7F-F3ED4E8F369C}.Release|Any CPU.Build.0 = Release|Any CPU
	EndGlobalSection
	GlobalSection(SolutionProperties) = preSolution
		HideSolutionNode = FALSE
	EndGlobalSection
	GlobalSection(ExtensibilityGlobals) = postSolution
		SolutionGuid = {EA1661D4-80E6-49CA-80C7-513BA3AAE1AD}
	EndGlobalSection
EndGlobal
